{
  "name": "project - Future with AI",
  "lockfileVersion": 3,
  "requires": true,
  "packages": {
    "": {
      "dependencies": {
        "lucide": "^0.258.0"
      }
    },
    "node_modules/lucide": {
      "version": "0.258.0",
      "resolved": "https://registry.npmjs.org/lucide/-/lucide-0.258.0.tgz",
      "integrity": "sha512-DHoTn6h0NCCcRXCJhyWKMGU79goNfkmb54/CahAV3YtE2jtME4vFHE/BzwIxS9JKCkMIdfqrtQZHUqjgOvgmPw=="
    }
  }
}
